{
  "R": {
    "Version": "4.0.2",
    "Repositories": [
      {
        "Name": "CRAN",
        "URL": "https://cran.rstudio.com"
      }
    ]
  },
  "Bioconductor": {
    "Version": "3.12"
  },
  "Packages": {
    "BAMMtools": {
      "Package": "BAMMtools",
      "Version": "2.1.7",
      "Source": "Repository",
      "Repository": "CRAN",
      "Hash": "91b8ca410a3bef4d74bf7b97b233d7f8"
    },
    "BH": {
      "Package": "BH",
      "Version": "1.75.0-0",
      "Source": "Repository",
      "Repository": "CRAN",
      "Hash": "e4c04affc2cac20c8fec18385cd14691"
    },
    "Biobase": {
      "Package": "Biobase",
      "Version": "2.48.0",
      "Source": "Bioconductor",
      "Hash": "da9b1bc36fb35ebbec219dc007657f21"
    },
    "BiocGenerics": {
      "Package": "BiocGenerics",
      "Version": "0.34.0",
      "Source": "Bioconductor",
      "Hash": "ae191b5608f175de0f69b6302390c705"
    },
    "BiocManager": {
      "Package": "BiocManager",
      "Version": "1.30.10",
      "Source": "Repository",
      "Repository": "CRAN",
      "Hash": "db75371846625725e221470b310da1d5"
    },
    "BiocParallel": {
      "Package": "BiocParallel",
      "Version": "1.22.0",
      "Source": "Bioconductor",
      "Hash": "6457b5a769de3e02704fd1b529a3c6e1"
    },
    "Biostrings": {
      "Package": "Biostrings",
      "Version": "2.56.0",
      "Source": "Bioconductor",
      "Hash": "f5d135c565a244740559409e48c410cd"
    },
    "DBI": {
      "Package": "DBI",
      "Version": "1.1.1",
      "Source": "Repository",
      "Repository": "CRAN",
      "Hash": "030aaec5bc6553f35347cbb1e70b1a17"
    },
    "DelayedArray": {
      "Package": "DelayedArray",
      "Version": "0.14.0",
      "Source": "Bioconductor",
      "Hash": "8c3ce65b8535566d01499971a054d7ce"
    },
    "GenomeInfoDb": {
      "Package": "GenomeInfoDb",
      "Version": "1.24.0",
      "Source": "Bioconductor",
      "Hash": "2be2fe3edf2245845bc3f4108b34384a"
    },
    "GenomeInfoDbData": {
      "Package": "GenomeInfoDbData",
      "Version": "1.2.3",
      "Source": "Bioconductor",
      "Hash": "8fe62eac6e27b8e56d51f9ae6030cbcd"
    },
    "GenomicAlignments": {
      "Package": "GenomicAlignments",
      "Version": "1.24.0",
      "Source": "Bioconductor",
      "Hash": "0edd7648aa262068442130f84292ad55"
    },
    "GenomicOriginsScripts": {
      "Package": "GenomicOriginsScripts",
      "Version": "0.0.0.90065",
      "Source": "Local",
      "RemoteType": "local",
      "RemoteUrl": "/home/kluk/work/software/Rstuff/GenomicOriginsScripts",
      "Hash": "569007e7534cb9a9cc53631c4780f5e9"
    },
    "GenomicRanges": {
      "Package": "GenomicRanges",
      "Version": "1.40.0",
      "Source": "Bioconductor",
      "Hash": "05cd2ba8e1e373e9089454cf762df723"
    },
    "IRanges": {
      "Package": "IRanges",
      "Version": "2.22.2",
      "Source": "Bioconductor",
      "Hash": "1403fa5c98c5f48b989a6bc5a65c6c25"
    },
    "KernSmooth": {
      "Package": "KernSmooth",
      "Version": "2.23-17",
      "Source": "Repository",
      "Repository": "CRAN",
      "Hash": "bbff70c8c0357b5b88238c83f680fcd3"
    },
    "MASS": {
      "Package": "MASS",
      "Version": "7.3-53.1",
      "Source": "Repository",
      "Repository": "CRAN",
      "Hash": "4ef21dd0348b9abb7f8bd1d77e4cd0c3"
    },
    "Matrix": {
      "Package": "Matrix",
      "Version": "1.3-2",
      "Source": "Repository",
      "Repository": "CRAN",
      "Hash": "ff280503079ad8623d3c4b1519b24ea2"
    },
    "R6": {
      "Package": "R6",
      "Version": "2.5.0",
      "Source": "Repository",
      "Repository": "CRAN",
      "Hash": "b203113193e70978a696b2809525649d"
    },
    "RColorBrewer": {
      "Package": "RColorBrewer",
      "Version": "1.1-2",
      "Source": "Repository",
      "Repository": "CRAN",
      "Hash": "e031418365a7f7a766181ab5a41a5716"
    },
    "RCurl": {
      "Package": "RCurl",
      "Version": "1.98-1.3",
      "Source": "Repository",
      "Repository": "CRAN",
      "Hash": "ddac9abbfba243f9aeab9b5680b968d3"
    },
    "Rcpp": {
      "Package": "Rcpp",
      "Version": "1.0.6",
      "Source": "Repository",
      "Repository": "CRAN",
      "Hash": "dbb5e436998a7eba5a9d682060533338"
    },
    "RcppArmadillo": {
      "Package": "RcppArmadillo",
      "Version": "0.10.2.2.0",
      "Source": "Repository",
      "Repository": "CRAN",
      "Hash": "8772b10276b4b4a3dfaa5043f9ad94f8"
    },
    "RcppEigen": {
      "Package": "RcppEigen",
      "Version": "0.3.3.9.1",
      "Source": "Repository",
      "Repository": "CRAN",
      "Hash": "ddfa72a87fdf4c80466a20818be91d00"
    },
    "Rhtslib": {
      "Package": "Rhtslib",
      "Version": "1.20.0",
      "Source": "Bioconductor",
      "Hash": "b39574ae705f18549f122fd984f9dce5"
    },
    "Rsamtools": {
      "Package": "Rsamtools",
      "Version": "2.4.0",
      "Source": "Bioconductor",
      "Hash": "f5a9986c7ccf43d0941b7b069d08e2d7"
    },
    "S4Vectors": {
      "Package": "S4Vectors",
      "Version": "0.26.1",
      "Source": "Bioconductor",
      "Hash": "c252d04c13a3a6667d3cc140360780f1"
    },
    "SNPRelate": {
      "Package": "SNPRelate",
      "Version": "1.24.0",
      "Source": "bioc_git2r",
      "RemoteType": "bioc_git2r",
      "RemoteMirror": "https://git.bioconductor.org/packages",
      "RemoteRepo": "SNPRelate",
      "RemoteRelease": "release",
      "RemoteSha": "419b13b761ea39a8b1b9bc73097fb0359c59f1c2",
      "RemoteBranch": "RELEASE_3_12",
      "Hash": "de2eaae37c8210b921404067b89d8e97"
    },
    "SummarizedExperiment": {
      "Package": "SummarizedExperiment",
      "Version": "1.18.1",
      "Source": "Bioconductor",
      "Hash": "c28cb00ace8056590402b984a96c9339"
    },
    "XML": {
      "Package": "XML",
      "Version": "3.99-0.6",
      "Source": "Repository",
      "Repository": "CRAN",
      "Hash": "59b7d0a3d18303ae30ba1246e77faa83"
    },
    "XVector": {
      "Package": "XVector",
      "Version": "0.28.0",
      "Source": "Bioconductor",
      "Hash": "a5669a9d44010120a5c10be7977f0626"
    },
    "animation": {
      "Package": "animation",
      "Version": "2.6",
      "Source": "Repository",
      "Repository": "CRAN",
      "Hash": "b726b7119ba99cc79dfdd24cb4ee6894"
    },
    "ape": {
      "Package": "ape",
      "Version": "5.4-1",
      "Source": "Repository",
      "Repository": "CRAN",
      "Hash": "08310cebe9ad2da068486b26b05e6030"
    },
    "aplot": {
      "Package": "aplot",
      "Version": "0.0.4",
      "Source": "Repository",
      "Repository": "CRAN",
      "Hash": "c55c9b61690de02e8e4494382a3223c2"
    },
    "askpass": {
      "Package": "askpass",
      "Version": "1.1",
      "Source": "Repository",
      "Repository": "CRAN",
      "Hash": "e8a22846fff485f0be3770c2da758713"
    },
    "assertthat": {
      "Package": "assertthat",
      "Version": "0.2.1",
      "Source": "Repository",
      "Repository": "CRAN",
      "Hash": "50c838a310445e954bc13f26f26a6ecf"
    },
    "backports": {
      "Package": "backports",
      "Version": "1.2.1",
      "Source": "Repository",
      "Repository": "CRAN",
      "Hash": "644043219fc24e190c2f620c1a380a69"
    },
    "base64enc": {
      "Package": "base64enc",
      "Version": "0.1-3",
      "Source": "Repository",
      "Repository": "CRAN",
      "Hash": "543776ae6848fde2f48ff3816d0628bc"
    },
    "bit": {
      "Package": "bit",
      "Version": "4.0.4",
      "Source": "Repository",
      "Repository": "CRAN",
      "Hash": "f36715f14d94678eea9933af927bc15d"
    },
    "bit64": {
      "Package": "bit64",
      "Version": "4.0.5",
      "Source": "Repository",
      "Repository": "CRAN",
      "Hash": "9fe98599ca456d6552421db0d6772d8f"
    },
    "bitops": {
      "Package": "bitops",
      "Version": "1.0-6",
      "Source": "Repository",
      "Repository": "CRAN",
      "Hash": "0b118d5900596bae6c4d4865374536a6"
    },
    "blob": {
      "Package": "blob",
      "Version": "1.2.1",
      "Source": "Repository",
      "Repository": "CRAN",
      "Hash": "9addc7e2c5954eca5719928131fed98c"
    },
    "bookdown": {
      "Package": "bookdown",
      "Version": "0.19",
      "Source": "Repository",
      "Repository": "CRAN",
      "Hash": "4f669b7b4f236538e6afc311f32d2c93"
    },
    "broom": {
      "Package": "broom",
      "Version": "0.7.6",
      "Source": "Repository",
      "Repository": "CRAN",
      "Hash": "06015476250468fc013c30022118ce3a"
    },
    "caTools": {
      "Package": "caTools",
      "Version": "1.18.2",
      "Source": "Repository",
      "Repository": "CRAN",
      "Hash": "34d90fa5845004236b9eacafc51d07b2"
    },
    "callr": {
      "Package": "callr",
      "Version": "3.6.0",
      "Source": "Repository",
      "Repository": "CRAN",
      "Hash": "25da2c6fba6a13b5da94e37acdb3f532"
    },
    "cellranger": {
      "Package": "cellranger",
      "Version": "1.1.0",
      "Source": "Repository",
      "Repository": "CRAN",
      "Hash": "f61dbaec772ccd2e17705c1e872e9e7c"
    },
    "cli": {
      "Package": "cli",
      "Version": "2.4.0",
      "Source": "Repository",
      "Repository": "CRAN",
      "Hash": "be982c9bcbfbe9e59c0225b0ed37d47e"
    },
    "clipr": {
      "Package": "clipr",
      "Version": "0.7.1",
      "Source": "Repository",
      "Repository": "CRAN",
      "Hash": "ebaa97ac99cc2daf04e77eecc7b781d7"
    },
    "clusterGeneration": {
      "Package": "clusterGeneration",
      "Version": "1.3.4",
      "Source": "Repository",
      "Repository": "CRAN",
      "Hash": "d6565dc95ed7273187fd1c59a1bfc1aa"
    },
    "coda": {
      "Package": "coda",
      "Version": "0.19-4",
      "Source": "Repository",
      "Repository": "CRAN",
      "Hash": "24b6d006b8b2343876cf230687546932"
    },
    "codetools": {
      "Package": "codetools",
      "Version": "0.2-16",
      "Source": "Repository",
      "Repository": "CRAN",
      "Hash": "89cf4b8207269ccf82fbeb6473fd662b"
    },
    "colorspace": {
      "Package": "colorspace",
      "Version": "2.0-0",
      "Source": "Repository",
      "Repository": "CRAN",
      "Hash": "abea3384649ef37f60ef51ce002f3547"
    },
    "combinat": {
      "Package": "combinat",
      "Version": "0.0-8",
      "Source": "Repository",
      "Repository": "CRAN",
      "Hash": "f0acb9dcb71a9cd9d5ae233c5035b1c5"
    },
    "cowplot": {
      "Package": "cowplot",
      "Version": "1.1.1",
      "Source": "GitHub",
      "RemoteType": "github",
      "RemoteHost": "api.github.com",
      "RemoteRepo": "cowplot",
      "RemoteUsername": "wilkelab",
      "RemoteRef": "master",
      "RemoteSha": "555c9ae5d6cc3d261756f22112df0db316521e71",
      "Hash": "929896c27ace5854831e170a290560d1"
    },
    "cpp11": {
      "Package": "cpp11",
      "Version": "0.2.7",
      "Source": "Repository",
      "Repository": "CRAN",
      "Hash": "730eebcc741a5c36761f7d4d0f5e37b8"
    },
    "crayon": {
      "Package": "crayon",
      "Version": "1.4.1",
      "Source": "Repository",
      "Repository": "CRAN",
      "Hash": "e75525c55c70e5f4f78c9960a4b402e9"
    },
    "curl": {
      "Package": "curl",
      "Version": "4.3",
      "Source": "Repository",
      "Repository": "CRAN",
      "Hash": "2b7d10581cc730804e9ed178c8374bd6"
    },
    "data.table": {
      "Package": "data.table",
      "Version": "1.14.0",
      "Source": "Repository",
      "Repository": "CRAN",
      "Hash": "d1b8b1a821ee564a3515fa6c6d5c52dc"
    },
    "dbplyr": {
      "Package": "dbplyr",
      "Version": "2.1.1",
      "Source": "Repository",
      "Repository": "CRAN",
      "Hash": "1f37fa4ab2f5f7eded42f78b9a887182"
    },
    "deSolve": {
      "Package": "deSolve",
      "Version": "1.28",
      "Source": "Repository",
      "Repository": "CRAN",
      "Hash": "eb265b52c7e032cc8276f0c96c14466c"
    },
    "digest": {
      "Package": "digest",
      "Version": "0.6.27",
      "Source": "Repository",
      "Repository": "CRAN",
      "Hash": "a0cbe758a531d054b537d16dff4d58a1"
    },
    "dplyr": {
      "Package": "dplyr",
      "Version": "1.0.5",
      "Source": "Repository",
      "Repository": "CRAN",
      "Hash": "d0d76c11ec807eb3f000eba4e3eb0f68"
    },
    "ellipsis": {
      "Package": "ellipsis",
      "Version": "0.3.1",
      "Source": "Repository",
      "Repository": "CRAN",
      "Hash": "fd2844b3a43ae2d27e70ece2df1b4e2a"
    },
    "emo": {
      "Package": "emo",
      "Version": "0.0.0.9000",
      "Source": "GitHub",
      "RemoteType": "github",
      "RemoteHost": "api.github.com",
      "RemoteRepo": "emo",
      "RemoteUsername": "hadley",
      "RemoteRef": "master",
      "RemoteSha": "3f03b11491ce3d6fc5601e210927eff73bf8e350",
      "Hash": "5ece31a6c0f94811e6bef59482d87164"
    },
    "evaluate": {
      "Package": "evaluate",
      "Version": "0.14",
      "Source": "Repository",
      "Repository": "CRAN",
      "Hash": "ec8ca05cffcc70569eaaad8469d2a3a7"
    },
    "expm": {
      "Package": "expm",
      "Version": "0.999-6",
      "Source": "Repository",
      "Repository": "CRAN",
      "Hash": "1bb0f92b6125ea03dd7142f8eaf36bf5"
    },
    "fansi": {
      "Package": "fansi",
      "Version": "0.4.2",
      "Source": "Repository",
      "Repository": "CRAN",
      "Hash": "fea074fb67fe4c25d47ad09087da847d"
    },
    "farver": {
      "Package": "farver",
      "Version": "2.1.0",
      "Source": "Repository",
      "Repository": "CRAN",
      "Hash": "c98eb5133d9cb9e1622b8691487f11bb"
    },
    "fastmatch": {
      "Package": "fastmatch",
      "Version": "1.1-0",
      "Source": "Repository",
      "Repository": "CRAN",
      "Hash": "2cfe25650d69960c54e06840e4b5d8e4"
    },
    "forcats": {
      "Package": "forcats",
      "Version": "0.5.1",
      "Source": "Repository",
      "Repository": "CRAN",
      "Hash": "81c3244cab67468aac4c60550832655d"
    },
    "formatR": {
      "Package": "formatR",
      "Version": "1.7",
      "Source": "Repository",
      "Repository": "CRAN",
      "Hash": "ad36e26eeeb7393886d8a0e19bc6ee42"
    },
    "fs": {
      "Package": "fs",
      "Version": "1.5.0",
      "Source": "Repository",
      "Repository": "CRAN",
      "Hash": "44594a07a42e5f91fac9f93fda6d0109"
    },
    "furrr": {
      "Package": "furrr",
      "Version": "0.1.0",
      "Source": "Repository",
      "Repository": "CRAN",
      "Hash": "c1f60eafdbcbea57078aa6f501974d2a"
    },
    "futile.logger": {
      "Package": "futile.logger",
      "Version": "1.4.3",
      "Source": "Repository",
      "Repository": "CRAN",
      "Hash": "99f0ace8c05ec7d3683d27083c4f1e7e"
    },
    "futile.options": {
      "Package": "futile.options",
      "Version": "1.0.1",
      "Source": "Repository",
      "Repository": "CRAN",
      "Hash": "0d9bf02413ddc2bbe8da9ce369dcdd2b"
    },
    "future": {
      "Package": "future",
      "Version": "1.21.0",
      "Source": "Repository",
      "Repository": "CRAN",
      "Hash": "f25fad6bee82b7ab01f055e2d813b96f"
    },
    "gdata": {
      "Package": "gdata",
      "Version": "2.18.0",
      "Source": "Repository",
      "Repository": "CRAN",
      "Hash": "465ccb84427f5fe2c54f8620666db131"
    },
    "gdsfmt": {
      "Package": "gdsfmt",
      "Version": "1.24.1",
      "Source": "Bioconductor",
      "Hash": "81a741f0ec167db1fa8952b72691db01"
    },
    "gdtools": {
      "Package": "gdtools",
      "Version": "0.2.2",
      "Source": "Repository",
      "Repository": "CRAN",
      "Hash": "38f4026c0d09edb3a4474685cef68342"
    },
    "geiger": {
      "Package": "geiger",
      "Version": "2.0.7",
      "Source": "Repository",
      "Repository": "CRAN",
      "Hash": "964236f63df01062f99edda2c008bf80"
    },
    "generics": {
      "Package": "generics",
      "Version": "0.1.0",
      "Source": "Repository",
      "Repository": "CRAN",
      "Hash": "4d243a9c10b00589889fe32314ffd902"
    },
    "geomfactory": {
      "Package": "geomfactory",
      "Version": "0.0.3.1",
      "Source": "GitHub",
      "RemoteType": "github",
      "RemoteHost": "api.github.com",
      "RemoteRepo": "geomfactory",
      "RemoteUsername": "k-hench",
      "RemoteRef": "master",
      "RemoteSha": "503735671139a08bd7db7faa699ddf47a24a9c8d",
      "Hash": "10920d8d100dc95d348389490ef8dca4"
    },
    "ggforce": {
      "Package": "ggforce",
      "Version": "0.3.2.9000",
      "Source": "GitHub",
      "RemoteType": "github",
      "RemoteHost": "api.github.com",
      "RemoteRepo": "ggforce",
      "RemoteUsername": "thomasp85",
      "RemoteRef": "master",
      "RemoteSha": "1f17eb3cdb0ef54a6ed5dcb77ef5fecb195c90e4",
      "Hash": "bd379b6836a18dbca3f403007f428505"
    },
    "ggfx": {
      "Package": "ggfx",
      "Version": "0.0.0.9000",
      "Source": "GitHub",
      "Remotes": "rOpenSci/magick",
      "RemoteType": "github",
      "RemoteHost": "api.github.com",
      "RemoteRepo": "ggfx",
      "RemoteUsername": "thomasp85",
      "RemoteRef": "master",
      "RemoteSha": "2a6db623c52a1c5489dcb99825ae7fd2b1adbc43",
      "Hash": "24976cf2ea326d3464b6e2e5ac108ad6"
    },
    "ggiraph": {
      "Package": "ggiraph",
      "Version": "0.7.0",
      "Source": "Repository",
      "Repository": "CRAN",
      "Hash": "11000dfc1a49c34bc2105d6fcf3e52ef"
    },
    "ggplot2": {
      "Package": "ggplot2",
      "Version": "3.3.3",
      "Source": "Repository",
      "Repository": "CRAN",
      "Hash": "3eb6477d01eb5bbdc03f7d5f70f2733e"
    },
    "ggplotify": {
      "Package": "ggplotify",
      "Version": "0.0.5",
      "Source": "Repository",
      "Repository": "CRAN",
      "Hash": "01f6ad9ce2c4a474974dac7482e4c19f"
    },
    "ggpointdensity": {
      "Package": "ggpointdensity",
      "Version": "0.1.0",
      "Source": "GitHub",
      "RemoteType": "github",
      "RemoteHost": "api.github.com",
      "RemoteRepo": "ggpointdensity",
      "RemoteUsername": "LKremer",
      "RemoteRef": "master",
      "RemoteSha": "cf22c2547b1b0d29a583f476567b417234f7ae55",
      "Hash": "bf8bcaacb20b27eaba9557454e37293c"
    },
    "ggraph": {
      "Package": "ggraph",
      "Version": "2.0.5.9000",
      "Source": "GitHub",
      "RemoteType": "github",
      "RemoteHost": "api.github.com",
      "RemoteRepo": "ggraph",
      "RemoteUsername": "thomasp85",
      "RemoteRef": "master",
      "RemoteSha": "56669ae4a882ff9e350ede848afa53a569aed2a7",
      "Hash": "112d0d58754a1854db7ddfe2eb935bc6"
    },
    "ggrepel": {
      "Package": "ggrepel",
      "Version": "0.9.1",
      "Source": "Repository",
      "Repository": "CRAN",
      "Hash": "08ab869f37e6a7741a64ab9069bcb67d"
    },
    "ggstance": {
      "Package": "ggstance",
      "Version": "0.3.4",
      "Source": "Repository",
      "Repository": "CRAN",
      "Hash": "1000a16594316e77a77bdffa7ae49f14"
    },
    "ggtext": {
      "Package": "ggtext",
      "Version": "0.1.1",
      "Source": "GitHub",
      "RemoteType": "github",
      "RemoteHost": "api.github.com",
      "RemoteRepo": "ggtext",
      "RemoteUsername": "wilkelab",
      "RemoteRef": "master",
      "RemoteSha": "50fdaba101b2c591c08e9d67782a5b86621a4fa9",
      "Hash": "5a41c526729b7f375ece84bd9c3d776d"
    },
    "ggtree": {
      "Package": "ggtree",
      "Version": "2.5.1.9002",
      "Source": "GitHub",
      "Remotes": "GuangchuangYu/treeio",
      "RemoteType": "github",
      "RemoteHost": "api.github.com",
      "RemoteRepo": "ggtree",
      "RemoteUsername": "YuLab-SMU",
      "RemoteRef": "master",
      "RemoteSha": "4f54091eb901993e6f8d400274969f1a3399ccc2",
      "Hash": "afa1d558eb64e75999562545d20654f2"
    },
    "globals": {
      "Package": "globals",
      "Version": "0.14.0",
      "Source": "Repository",
      "Repository": "CRAN",
      "Hash": "eca8023ed5ca6372479ebb9b3207f5ae"
    },
    "glue": {
      "Package": "glue",
      "Version": "1.4.2",
      "Source": "Repository",
      "Repository": "CRAN",
      "Hash": "6efd734b14c6471cfe443345f3e35e29"
    },
    "gplots": {
      "Package": "gplots",
      "Version": "3.1.1",
      "Source": "Repository",
      "Repository": "CRAN",
      "Hash": "e65e5d5dea4cbb9ba822dcd782b2ee1f"
    },
    "grImport2": {
      "Package": "grImport2",
      "Version": "0.2-0",
      "Source": "Repository",
      "Repository": "CRAN",
      "Hash": "e348e793cde95a4e94f5337f88039c7e"
    },
    "graphlayouts": {
      "Package": "graphlayouts",
      "Version": "0.7.1",
      "Source": "Repository",
      "Repository": "CRAN",
      "Hash": "2a0d18b9395cd27066d209b83bb29ea6"
    },
    "gridExtra": {
      "Package": "gridExtra",
      "Version": "2.3",
      "Source": "Repository",
      "Repository": "CRAN",
      "Hash": "7d7f283939f563670a697165b2cf5560"
    },
    "gridGraphics": {
      "Package": "gridGraphics",
      "Version": "0.5-1",
      "Source": "Repository",
      "Repository": "CRAN",
      "Hash": "5b79228594f02385d4df4979284879ae"
    },
    "gridSVG": {
      "Package": "gridSVG",
      "Version": "1.7-2",
      "Source": "Repository",
      "Repository": "CRAN",
      "Hash": "51497ab9abe081140fe14aca5a561d95"
    },
    "gridtext": {
      "Package": "gridtext",
      "Version": "0.1.4",
      "Source": "Repository",
      "Repository": "CRAN",
      "Hash": "5ae1f617531ca2ae244647d9b21b5e74"
    },
    "gtable": {
      "Package": "gtable",
      "Version": "0.3.0",
      "Source": "Repository",
      "Repository": "CRAN",
      "Hash": "ac5c6baf7822ce8732b343f14c072c4d"
    },
    "gtools": {
      "Package": "gtools",
      "Version": "3.8.2",
      "Source": "Repository",
      "Repository": "CRAN",
      "Hash": "0a749b4458d19a54acae93c64e3e7c85"
    },
    "haven": {
      "Package": "haven",
      "Version": "2.3.1",
      "Source": "Repository",
      "Repository": "CRAN",
      "Hash": "221d0ad75dfa03ebf17b1a4cc5c31dfc"
    },
    "hexbin": {
      "Package": "hexbin",
      "Version": "1.28.1",
      "Source": "Repository",
      "Repository": "CRAN",
      "Hash": "3d59212f2814d65dff517e6899813c58"
    },
    "highr": {
      "Package": "highr",
      "Version": "0.8",
      "Source": "Repository",
      "Repository": "CRAN",
      "Hash": "4dc5bb88961e347a0f4d8aad597cbfac"
    },
    "hms": {
      "Package": "hms",
      "Version": "1.0.0",
      "Source": "Repository",
      "Repository": "CRAN",
      "Hash": "bf552cdd96f5969873afdac7311c7d0d"
    },
    "htmltools": {
      "Package": "htmltools",
      "Version": "0.5.1.1",
      "Source": "Repository",
      "Repository": "CRAN",
      "Hash": "af2c2531e55df5cf230c4b5444fc973c"
    },
    "htmlwidgets": {
      "Package": "htmlwidgets",
      "Version": "1.5.3",
      "Source": "Repository",
      "Repository": "CRAN",
      "Hash": "6fdaa86d0700f8b3e92ee3c445a5a10d"
    },
    "httr": {
      "Package": "httr",
      "Version": "1.4.2",
      "Source": "Repository",
      "Repository": "CRAN",
      "Hash": "a525aba14184fec243f9eaec62fbed43"
    },
    "hypogen": {
      "Package": "hypogen",
      "Version": "1.0.0.2.9000",
      "Source": "GitHub",
      "RemoteType": "github",
      "RemoteHost": "api.github.com",
      "RemoteRepo": "hypogen",
      "RemoteUsername": "k-hench",
      "RemoteRef": "master",
      "RemoteSha": "f177463b20761da0289449f5d42f24e89d117771",
      "Hash": "86acafd64f0ed3c706423add20461912"
    },
    "hypoimg": {
      "Package": "hypoimg",
      "Version": "1.0.1.1",
      "Source": "Local",
      "RemoteType": "local",
      "RemoteUrl": "/home/kluk/work/software/Rstuff/hypo_Rlab/hypoimg",
      "Hash": "1a57240a46108b16851e7ce5f5ecefda"
    },
    "igraph": {
      "Package": "igraph",
      "Version": "1.2.6",
      "Source": "Repository",
      "Repository": "CRAN",
      "Hash": "7b1f856410253d56ea67ad808f7cdff6"
    },
    "isoband": {
      "Package": "isoband",
      "Version": "0.2.4",
      "Source": "Repository",
      "Repository": "CRAN",
      "Hash": "b2008df40fb297e3fef135c7e8eeec1a"
    },
    "jpeg": {
      "Package": "jpeg",
      "Version": "0.1-8.1",
      "Source": "Repository",
      "Repository": "CRAN",
      "Hash": "bc316c003aba520fc73d70ad53b5fc36"
    },
    "jsonlite": {
      "Package": "jsonlite",
      "Version": "1.7.2",
      "Source": "Repository",
      "Repository": "CRAN",
      "Hash": "98138e0994d41508c7a6b84a0600cfcb"
    },
    "kableExtra": {
      "Package": "kableExtra",
      "Version": "1.1.0",
      "Source": "Repository",
      "Repository": "CRAN",
      "Hash": "37e11c605b3c0b7207763beda52c8535"
    },
    "knitr": {
      "Package": "knitr",
      "Version": "1.31",
      "Source": "Repository",
      "Repository": "CRAN",
      "Hash": "c3994c036d19fc22c5e2a209c8298bfb"
    },
    "labeling": {
      "Package": "labeling",
      "Version": "0.4.2",
      "Source": "Repository",
      "Repository": "CRAN",
      "Hash": "3d5108641f47470611a32d0bdf357a72"
    },
    "lambda.r": {
      "Package": "lambda.r",
      "Version": "1.2.4",
      "Source": "Repository",
      "Repository": "CRAN",
      "Hash": "b1e925c4b9ffeb901bacf812cbe9a6ad"
    },
    "lattice": {
      "Package": "lattice",
      "Version": "0.20-41",
      "Source": "Repository",
      "Repository": "CRAN",
      "Hash": "fbd9285028b0263d76d18c95ae51a53d"
    },
    "lazyeval": {
      "Package": "lazyeval",
      "Version": "0.2.2",
      "Source": "Repository",
      "Repository": "CRAN",
      "Hash": "d908914ae53b04d4c0c0fd72ecc35370"
    },
    "lifecycle": {
      "Package": "lifecycle",
      "Version": "1.0.0",
      "Source": "Repository",
      "Repository": "CRAN",
      "Hash": "3471fb65971f1a7b2d4ae7848cf2db8d"
    },
    "listenv": {
      "Package": "listenv",
      "Version": "0.8.0",
      "Source": "Repository",
      "Repository": "CRAN",
      "Hash": "0bde42ee282efb18c7c4e63822f5b4f7"
    },
    "logisticPCA": {
      "Package": "logisticPCA",
      "Version": "0.2",
      "Source": "Repository",
      "Repository": "CRAN",
      "Hash": "9b9390bedc0aee49708ff9021e66f8a8"
    },
    "lubridate": {
      "Package": "lubridate",
      "Version": "1.7.10",
      "Source": "Repository",
      "Repository": "CRAN",
      "Hash": "1ebfdc8a3cfe8fe19184f5481972b092"
    },
    "magick": {
      "Package": "magick",
      "Version": "2.7.0",
      "Source": "GitHub",
      "RemoteType": "github",
      "RemoteHost": "api.github.com",
      "RemoteRepo": "magick",
      "RemoteUsername": "rOpenSci",
      "RemoteRef": "master",
      "RemoteSha": "a5209fe77f835caeae678cc79912567c71204927",
      "Hash": "1b83c6d53bbc8988d56c19c218800ff3"
    },
    "magrittr": {
      "Package": "magrittr",
      "Version": "2.0.1",
      "Source": "Repository",
      "Repository": "CRAN",
      "Hash": "41287f1ac7d28a92f0a286ed507928d3"
    },
    "maps": {
      "Package": "maps",
      "Version": "3.3.0",
      "Source": "Repository",
      "Repository": "CRAN",
      "Hash": "392212982257ea03c37b63547dc871b4"
    },
    "markdown": {
      "Package": "markdown",
      "Version": "1.1",
      "Source": "Repository",
      "Repository": "CRAN",
      "Hash": "61e4a10781dd00d7d81dd06ca9b94e95"
    },
    "matrixStats": {
      "Package": "matrixStats",
      "Version": "0.56.0",
      "Source": "Repository",
      "Repository": "CRAN",
      "Hash": "d16f18aeb023d7a80c090d9458fc75a6"
    },
    "mgcv": {
      "Package": "mgcv",
      "Version": "1.8-34",
      "Source": "Repository",
      "Repository": "CRAN",
      "Hash": "bd4a6c4b600f58651d60d381b0e9a397"
    },
    "mime": {
      "Package": "mime",
      "Version": "0.10",
      "Source": "Repository",
      "Repository": "CRAN",
      "Hash": "26fa77e707223e1ce042b2b5d09993dc"
    },
    "mnormt": {
      "Package": "mnormt",
      "Version": "2.0.0",
      "Source": "Repository",
      "Repository": "CRAN",
      "Hash": "7b8bfa03ea0737a0b8e9b8af4f721faf"
    },
    "modelr": {
      "Package": "modelr",
      "Version": "0.1.8",
      "Source": "Repository",
      "Repository": "CRAN",
      "Hash": "9fd59716311ee82cba83dc2826fc5577"
    },
    "munsell": {
      "Package": "munsell",
      "Version": "0.5.0",
      "Source": "Repository",
      "Repository": "CRAN",
      "Hash": "6dfe8bf774944bd5595785e3229d8771"
    },
    "mvtnorm": {
      "Package": "mvtnorm",
      "Version": "1.1-1",
      "Source": "Repository",
      "Repository": "CRAN",
      "Hash": "69fa7331e7410c2a2cb3f9868513904f"
    },
    "ncbit": {
      "Package": "ncbit",
      "Version": "2013.03.29",
      "Source": "Repository",
      "Repository": "CRAN",
      "Hash": "6b01298d19611600d98d253a14b2012f"
    },
    "nlme": {
      "Package": "nlme",
      "Version": "3.1-152",
      "Source": "Repository",
      "Repository": "CRAN",
      "Hash": "35de1ce639f20b5e10f7f46260730c65"
    },
    "numDeriv": {
      "Package": "numDeriv",
      "Version": "2016.8-1.1",
      "Source": "Repository",
      "Repository": "CRAN",
      "Hash": "df58958f293b166e4ab885ebcad90e02"
    },
    "openssl": {
      "Package": "openssl",
      "Version": "1.4.3",
      "Source": "Repository",
      "Repository": "CRAN",
      "Hash": "a399e4773075fc2375b71f45fca186c4"
    },
    "paletteer": {
      "Package": "paletteer",
      "Version": "1.3.0.9000",
      "Source": "GitHub",
      "RemoteType": "github",
      "RemoteHost": "api.github.com",
      "RemoteRepo": "paletteer",
      "RemoteUsername": "EmilHvitfeldt",
      "RemoteRef": "master",
      "RemoteSha": "c0704826d5ce1968f5e3ded007b04dbe8787c1bf",
      "Hash": "a477376d30709b1ea2fc0ec5cd433ea3"
    },
    "parallelly": {
      "Package": "parallelly",
      "Version": "1.22.0",
      "Source": "Repository",
      "Repository": "CRAN",
      "Hash": "c8cd9aa518ef4b08bc10aa17b548c27c"
    },
    "patchwork": {
      "Package": "patchwork",
      "Version": "1.1.0.9000",
      "Source": "GitHub",
      "RemoteType": "github",
      "RemoteHost": "api.github.com",
      "RemoteRepo": "patchwork",
      "RemoteUsername": "thomasp85",
      "RemoteRef": "master",
      "RemoteSha": "b3cd83af81674f93b42c43c6c122c349353ed55f",
      "Hash": "2d63fa46513cbfd994f0bbc870cea711"
    },
    "phangorn": {
      "Package": "phangorn",
      "Version": "2.5.5",
      "Source": "Repository",
      "Repository": "CRAN",
      "Hash": "18ce26a390da0e66df79e6685065d72b"
    },
    "phytools": {
      "Package": "phytools",
      "Version": "0.7-47",
      "Source": "Repository",
      "Repository": "CRAN",
      "Hash": "e069210dd37402b19e9714d8e76d8108"
    },
    "pillar": {
      "Package": "pillar",
      "Version": "1.5.1",
      "Source": "Repository",
      "Repository": "CRAN",
      "Hash": "24622aa4a0d3de3463c34513edca99b2"
    },
    "pkgconfig": {
      "Package": "pkgconfig",
      "Version": "2.0.3",
      "Source": "Repository",
      "Repository": "CRAN",
      "Hash": "01f28d4278f15c76cddbea05899c5d6f"
    },
    "plotrix": {
      "Package": "plotrix",
      "Version": "3.7-8",
      "Source": "Repository",
      "Repository": "CRAN",
      "Hash": "319dd991725c17e1d7ccdb4f2d93f9d0"
    },
    "plyr": {
      "Package": "plyr",
      "Version": "1.8.6",
      "Source": "Repository",
      "Repository": "CRAN",
      "Hash": "ec0e5ab4e5f851f6ef32cd1d1984957f"
    },
    "png": {
      "Package": "png",
      "Version": "0.1-7",
      "Source": "Repository",
      "Repository": "CRAN",
      "Hash": "03b7076c234cb3331288919983326c55"
    },
    "polyclip": {
      "Package": "polyclip",
      "Version": "1.10-0",
      "Source": "Repository",
      "Repository": "CRAN",
      "Hash": "cb167f328b3ada4ec5cf67a7df4c900a"
    },
    "prettyunits": {
      "Package": "prettyunits",
      "Version": "1.1.1",
      "Source": "Repository",
      "Repository": "CRAN",
      "Hash": "95ef9167b75dde9d2ccc3c7528393e7e"
    },
    "prismatic": {
      "Package": "prismatic",
      "Version": "1.0.0.9000",
      "Source": "GitHub",
      "RemoteType": "github",
      "RemoteHost": "api.github.com",
      "RemoteRepo": "prismatic",
      "RemoteUsername": "EmilHvitfeldt",
      "RemoteRef": "master",
      "RemoteSha": "db524dc02d8c350b16e9bad6c247aed06fa7bbc3",
      "Hash": "0c0a030e2229d654a7af1cee7d4fbd62"
    },
    "processx": {
      "Package": "processx",
      "Version": "3.5.1",
      "Source": "Repository",
      "Repository": "CRAN",
      "Hash": "5ee87b05936a4aa9d8d026eb1a51314b"
    },
    "progress": {
      "Package": "progress",
      "Version": "1.2.2",
      "Source": "Repository",
      "Repository": "CRAN",
      "Hash": "14dc9f7a3c91ebb14ec5bb9208a07061"
    },
    "ps": {
      "Package": "ps",
      "Version": "1.6.0",
      "Source": "Repository",
      "Repository": "CRAN",
      "Hash": "32620e2001c1dce1af49c49dccbb9420"
    },
    "purrr": {
      "Package": "purrr",
      "Version": "0.3.4",
      "Source": "Repository",
      "Repository": "CRAN",
      "Hash": "97def703420c8ab10d8f0e6c72101e02"
    },
    "quadprog": {
      "Package": "quadprog",
      "Version": "1.5-8",
      "Source": "Repository",
      "Repository": "CRAN",
      "Hash": "5f919ae5e7f83a6f91dcf2288943370d"
    },
    "ragg": {
      "Package": "ragg",
      "Version": "1.1.1",
      "Source": "Repository",
      "Repository": "CRAN",
      "Hash": "4e0557cb2fddc4b9ef3f6679c60a3f4a"
    },
    "readr": {
      "Package": "readr",
      "Version": "1.4.0",
      "Source": "Repository",
      "Repository": "CRAN",
      "Hash": "2639976851f71f330264a9c9c3d43a61"
    },
    "readxl": {
      "Package": "readxl",
      "Version": "1.3.1",
      "Source": "Repository",
      "Repository": "CRAN",
      "Hash": "63537c483c2dbec8d9e3183b3735254a"
    },
    "rematch": {
      "Package": "rematch",
      "Version": "1.0.1",
      "Source": "Repository",
      "Repository": "CRAN",
      "Hash": "c66b930d20bb6d858cd18e1cebcfae5c"
    },
    "rematch2": {
      "Package": "rematch2",
      "Version": "2.1.2",
      "Source": "Repository",
      "Repository": "CRAN",
      "Hash": "76c9e04c712a05848ae7a23d2f170a40"
    },
    "renv": {
      "Package": "renv",
      "Version": "0.12.5",
      "Source": "Repository",
      "Repository": "CRAN",
      "Hash": "5c0cdb37f063c58cdab3c7e9fbb8bd2c"
    },
    "reprex": {
      "Package": "reprex",
      "Version": "2.0.0",
      "Source": "Repository",
      "Repository": "CRAN",
      "Hash": "8482bbeef0c194ac236aef7c51ee375f"
    },
    "rlang": {
      "Package": "rlang",
      "Version": "0.4.10",
      "Source": "Repository",
      "Repository": "CRAN",
      "Hash": "599df23c40a4fce9c7b4764f28c37857"
    },
    "rlist": {
      "Package": "rlist",
      "Version": "0.4.6.1",
      "Source": "Repository",
      "Repository": "CRAN",
      "Hash": "75886cbfe663d94199639f442d43836a"
    },
    "rmarkdown": {
      "Package": "rmarkdown",
      "Version": "2.7.6",
      "Source": "GitHub",
      "Remotes": "yihui/tinytex",
      "RemoteType": "github",
      "RemoteHost": "api.github.com",
      "RemoteRepo": "rmarkdown",
      "RemoteUsername": "rstudio",
      "RemoteRef": "master",
      "RemoteSha": "74ae1be5c8a9bd5a98b7984914d53d444d093026",
      "Hash": "df1b70ce5d1b34b38bbd36c4d708bf0f"
    },
    "rstudioapi": {
      "Package": "rstudioapi",
      "Version": "0.13",
      "Source": "Repository",
      "Repository": "CRAN",
      "Hash": "06c85365a03fdaf699966cc1d3cf53ea"
    },
    "rtracklayer": {
      "Package": "rtracklayer",
      "Version": "1.48.0",
      "Source": "bioc_xgit",
      "RemoteType": "bioc_xgit",
      "RemoteMirror": "https://git.bioconductor.org/packages",
      "RemoteRepo": "rtracklayer",
      "RemoteRelease": "release",
      "RemoteSha": "a3e63e7ee2d1fc36e6ac0f8e3b70bf1538d86498",
      "RemoteBranch": "RELEASE_3_11",
      "Hash": "e66a18979a120b3111ef8afda23f5c19"
    },
    "rvcheck": {
      "Package": "rvcheck",
      "Version": "0.1.8",
      "Source": "Repository",
      "Repository": "CRAN",
      "Hash": "11ebf2d3d4990e8bb9f28d5ab0c204fc"
    },
    "rvest": {
      "Package": "rvest",
      "Version": "1.0.0",
      "Source": "Repository",
      "Repository": "CRAN",
      "Hash": "74b905b0076e1de6e27f540c95ba68d5"
    },
    "scales": {
      "Package": "scales",
      "Version": "1.1.1",
      "Source": "Repository",
      "Repository": "CRAN",
      "Hash": "6f76f71042411426ec8df6c54f34e6dd"
    },
    "scatterplot3d": {
      "Package": "scatterplot3d",
      "Version": "0.3-41",
      "Source": "Repository",
      "Repository": "CRAN",
      "Hash": "0d3e8c286b735517c2df4ed48848e732"
    },
    "scico": {
      "Package": "scico",
      "Version": "1.1.0",
      "Source": "Repository",
      "Repository": "CRAN",
      "Hash": "3133ac2352af069cd458c5c67d8c595c"
    },
    "selectr": {
      "Package": "selectr",
      "Version": "0.4-2",
      "Source": "Repository",
      "Repository": "CRAN",
      "Hash": "3838071b66e0c566d55cc26bd6e27bf4"
    },
    "snow": {
      "Package": "snow",
      "Version": "0.4-3",
      "Source": "Repository",
      "Repository": "CRAN",
      "Hash": "11b822ad6214111a4188d5e5fd1b144c"
    },
    "stringi": {
      "Package": "stringi",
      "Version": "1.5.3",
      "Source": "Repository",
      "Repository": "CRAN",
      "Hash": "a063ebea753c92910a4cca7b18bc1f05"
    },
    "stringr": {
      "Package": "stringr",
      "Version": "1.4.0",
      "Source": "Repository",
      "Repository": "CRAN",
      "Hash": "0759e6b6c0957edb1311028a49a35e76"
    },
    "subplex": {
      "Package": "subplex",
      "Version": "1.6",
      "Source": "Repository",
      "Repository": "CRAN",
      "Hash": "2f194d5f3df4d1131a1d5edf3d40b821"
    },
    "sys": {
      "Package": "sys",
      "Version": "3.4",
      "Source": "Repository",
      "Repository": "CRAN",
      "Hash": "b227d13e29222b4574486cfcbde077fa"
    },
    "systemfonts": {
      "Package": "systemfonts",
      "Version": "1.0.1",
      "Source": "Repository",
      "Repository": "CRAN",
      "Hash": "6e899d7c097698d50ec87b1d8e65f246"
    },
    "textshaping": {
      "Package": "textshaping",
      "Version": "0.3.1",
      "Source": "Repository",
      "Repository": "CRAN",
      "Hash": "8a660b6017010f0599569f5a7a06d566"
    },
    "tibble": {
      "Package": "tibble",
      "Version": "3.1.0",
      "Source": "Repository",
      "Repository": "CRAN",
      "Hash": "4d894a114dbd4ecafeda5074e7c538e6"
    },
    "tidygraph": {
      "Package": "tidygraph",
      "Version": "1.2.0",
      "Source": "Repository",
      "Repository": "CRAN",
      "Hash": "5375980d0787633ca62c265b28bedb41"
    },
    "tidyr": {
      "Package": "tidyr",
      "Version": "1.1.3",
      "Source": "Repository",
      "Repository": "CRAN",
      "Hash": "450d7dfaedde58e28586b854eeece4fa"
    },
    "tidyselect": {
      "Package": "tidyselect",
      "Version": "1.1.0",
      "Source": "Repository",
      "Repository": "CRAN",
      "Hash": "6ea435c354e8448819627cf686f66e0a"
    },
    "tidytree": {
      "Package": "tidytree",
      "Version": "0.3.3",
      "Source": "Repository",
      "Repository": "CRAN",
      "Hash": "ae1850264b8f021c02f181bd28b24f96"
    },
    "tidyverse": {
      "Package": "tidyverse",
      "Version": "1.3.0.9000",
      "Source": "GitHub",
      "RemoteType": "github",
      "RemoteHost": "api.github.com",
      "RemoteRepo": "tidyverse",
      "RemoteUsername": "tidyverse",
      "RemoteRef": "master",
      "RemoteSha": "8a0bb998e92fb61339d555f22d8bf7314c625700",
      "Hash": "93643d1115275aae2b3b421865ad58cf"
    },
    "tinytex": {
      "Package": "tinytex",
      "Version": "0.31.3",
      "Source": "GitHub",
      "RemoteType": "github",
      "RemoteHost": "api.github.com",
      "RemoteRepo": "tinytex",
      "RemoteUsername": "yihui",
      "RemoteRef": "master",
      "RemoteSha": "ad8d76839119d7ea59536e39133d6047f935ab1c",
      "Hash": "3ec23be84d0b864419d6350009488999"
    },
    "tmvnsim": {
      "Package": "tmvnsim",
      "Version": "1.0-2",
      "Source": "Repository",
      "Repository": "CRAN",
      "Hash": "50470c7ed0cc8099cbc17b38f0ef621f"
    },
    "treeio": {
      "Package": "treeio",
      "Version": "1.13.0",
      "Source": "GitHub",
      "RemoteType": "github",
      "RemoteHost": "api.github.com",
      "RemoteRepo": "treeio",
      "RemoteUsername": "GuangchuangYu",
      "RemoteRef": "master",
      "RemoteSha": "67a3238179da2a596bf6cb61ce968353aca650d2",
      "Hash": "9dbd0a76e2107771a81233296403d132"
    },
    "tweenr": {
      "Package": "tweenr",
      "Version": "1.0.2",
      "Source": "Repository",
      "Repository": "CRAN",
      "Hash": "6cc663f970a529dbf776f11d5bcd1a2e"
    },
    "utf8": {
      "Package": "utf8",
      "Version": "1.2.1",
      "Source": "Repository",
      "Repository": "CRAN",
      "Hash": "c3ad47dc6da0751f18ed53c4613e3ac7"
    },
    "uuid": {
      "Package": "uuid",
      "Version": "0.1-4",
      "Source": "Repository",
      "Repository": "CRAN",
      "Hash": "e4169eb989a5d03ccb6b628cad1b1b50"
    },
    "vctrs": {
      "Package": "vctrs",
      "Version": "0.3.7",
      "Source": "Repository",
      "Repository": "CRAN",
      "Hash": "5540dc30a203a43a1ce5dc6a89532b3b"
    },
    "viridis": {
      "Package": "viridis",
      "Version": "0.5.1",
      "Source": "Repository",
      "Repository": "CRAN",
      "Hash": "6f6b49e5b3b5ee5a6d0c28bf1b4b9eb3"
    },
    "viridisLite": {
      "Package": "viridisLite",
      "Version": "0.3.0",
      "Source": "Repository",
      "Repository": "CRAN",
      "Hash": "ce4f6271baa94776db692f1cb2055bee"
    },
    "vroom": {
      "Package": "vroom",
      "Version": "1.4.0",
      "Source": "Repository",
      "Repository": "CRAN",
      "Hash": "06340eb63f5095463420837782c084c1"
    },
    "webshot": {
      "Package": "webshot",
      "Version": "0.5.2",
      "Source": "Repository",
      "Repository": "CRAN",
      "Hash": "e99d80ad34457a4853674e89d5e806de"
    },
    "withr": {
      "Package": "withr",
      "Version": "2.4.1",
      "Source": "Repository",
      "Repository": "CRAN",
      "Hash": "caf4781c674ffa549a4676d2d77b13cc"
    },
    "xfun": {
      "Package": "xfun",
      "Version": "0.22",
      "Source": "Repository",
      "Repository": "CRAN",
      "Hash": "eab2f8ba53809c321813e72ecbbd19ba"
    },
    "xml2": {
      "Package": "xml2",
      "Version": "1.3.2",
      "Source": "Repository",
      "Repository": "CRAN",
      "Hash": "d4d71a75dd3ea9eb5fa28cc21f9585e2"
    },
    "yaml": {
      "Package": "yaml",
      "Version": "2.2.1",
      "Source": "Repository",
      "Repository": "CRAN",
      "Hash": "2826c5d9efb0a88f657c7a679c7106db"
    },
    "zlibbioc": {
      "Package": "zlibbioc",
      "Version": "1.34.0",
      "Source": "Bioconductor",
      "Hash": "a1b2fc6a5b8076e5e9edf275d50d1795"
    }
  }
}
